Microsoft Visual Studio Solution File, Format Version 12.00
# Visual Studio Version 17
VisualStudioVersion = 17.5.2.0
MinimumVisualStudioVersion = 10.0.40219.1
Project("{FAE04EC0-301F-11D3-BF4B-00C04F79EFBC}") = "YuGiOhForms", "YuGiOhForms\YuGiOhForms.csproj", "{21A0270F-D67B-98F8-BCAB-3FF42AB76FBF}"
EndProject
Global
	GlobalSection(SolutionConfigurationPlatforms) = preSolution
		Debug|Any CPU = Debug|Any CPU
		Release|Any CPU = Release|Any CPU
	EndGlobalSection
	GlobalSection(ProjectConfigurationPlatforms) = postSolution
		{21A0270F-D67B-98F8-BCAB-3FF42AB76FBF}.Debug|Any CPU.ActiveCfg = Debug|Any CPU
		{21A0270F-D67B-98F8-BCAB-3FF42AB76FBF}.Debug|Any CPU.Build.0 = Debug|Any CPU
		{21A0270F-D67B-98F8-BCAB-3FF42AB76FBF}.Release|Any CPU.ActiveCfg = Release|Any CPU
		{21A0270F-D67B-98F8-BCAB-3FF42AB76FBF}.Release|Any CPU.Build.0 = Release|Any CPU
	EndGlobalSection
	GlobalSection(SolutionProperties) = preSolution
		HideSolutionNode = FALSE
	EndGlobalSection
	GlobalSection(ExtensibilityGlobals) = postSolution
		SolutionGuid = {74E55DE9-9439-4B09-8AF4-6461132FAC7D}
	EndGlobalSection
EndGlobal
